
Microsoft Visual Studio Solution File, Format Version 12.00
# Visual Studio Version 17
VisualStudioVersion = 17.14.37628.2
MinimumVisualStudioVersion = 10.0.40219.1
Project("{2150E333-8FDC-42A3-9474-1A3956D46DE8}") = "src", "src", "{827E0CD3-B72D-47B6-A68D-7590B98EB39B}"
EndProject
Project("{FAE04EC0-301F-11D3-BF4B-00C04F79EFBC}") = "PhotoFileFilter.App", "src\PhotoFileFilter.App\PhotoFileFilter.App.csproj", "{B27118F8-3605-4003-9856-D5EE2B53245F}"
EndProject
Project("{FAE04EC0-301F-11D3-BF4B-00C04F79EFBC}") = "PhotoFileFilter.Core", "src\PhotoFileFilter.Core\PhotoFileFilter.Core.csproj", "{12DC30E6-0C0E-48C2-87E9-2BEAEE7291A6}"
EndProject
Project("{2150E333-8FDC-42A3-9474-1A3956D46DE8}") = "tests", "tests", "{0AB3BF05-4346-4AA6-1389-037BE0695223}"
EndProject
Project("{FAE04EC0-301F-11D3-BF4B-00C04F79EFBC}") = "PhotoFileFilter.Tests", "tests\PhotoFileFilter.Tests\PhotoFileFilter.Tests.csproj", "{9D40CA0D-FF51-4089-AF6B-B6ED97B9D927}"
EndProject
Global
	GlobalSection(SolutionConfigurationPlatforms) = preSolution
		Debug|Any CPU = Debug|Any CPU
		Debug|x64 = Debug|x64
		Debug|x86 = Debug|x86
		Release|Any CPU = Release|Any CPU
		Release|x64 = Release|x64
		Release|x86 = Release|x86
	EndGlobalSection
	GlobalSection(ProjectConfigurationPlatforms) = postSolution
		{B27118F8-3605-4003-9856-D5EE2B53245F}.Debug|Any CPU.ActiveCfg = Debug|Any CPU
		{B27118F8-3605-4003-9856-D5EE2B53245F}.Debug|Any CPU.Build.0 = Debug|Any CPU
		{B27118F8-3605-4003-9856-D5EE2B53245F}.Debug|x64.ActiveCfg = Debug|Any CPU
		{B27118F8-3605-4003-9856-D5EE2B53245F}.Debug|x64.Build.0 = Debug|Any CPU
		{B27118F8-3605-4003-9856-D5EE2B53245F}.Debug|x86.ActiveCfg = Debug|Any CPU
		{B27118F8-3605-4003-9856-D5EE2B53245F}.Debug|x86.Build.0 = Debug|Any CPU
		{B27118F8-3605-4003-9856-D5EE2B53245F}.Release|Any CPU.ActiveCfg = Release|Any CPU
		{B27118F8-3605-4003-9856-D5EE2B53245F}.Release|Any CPU.Build.0 = Release|Any CPU
		{B27118F8-3605-4003-9856-D5EE2B53245F}.Release|x64.ActiveCfg = Release|Any CPU
		{B27118F8-3605-4003-9856-D5EE2B53245F}.Release|x64.Build.0 = Release|Any CPU
		{B27118F8-3605-4003-9856-D5EE2B53245F}.Release|x86.ActiveCfg = Release|Any CPU
		{B27118F8-3605-4003-9856-D5EE2B53245F}.Release|x86.Build.0 = Release|Any CPU
		{12DC30E6-0C0E-48C2-87E9-2BEAEE7291A6}.Debug|Any CPU.ActiveCfg = Debug|Any CPU
		{12DC30E6-0C0E-48C2-87E9-2BEAEE7291A6}.Debug|Any CPU.Build.0 = Debug|Any CPU
		{12DC30E6-0C0E-48C2-87E9-2BEAEE7291A6}.Debug|x64.ActiveCfg = Debug|Any CPU
		{12DC30E6-0C0E-48C2-87E9-2BEAEE7291A6}.Debug|x64.Build.0 = Debug|Any CPU
		{12DC30E6-0C0E-48C2-87E9-2BEAEE7291A6}.Debug|x86.ActiveCfg = Debug|Any CPU
		{12DC30E6-0C0E-48C2-87E9-2BEAEE7291A6}.Debug|x86.Build.0 = Debug|Any CPU
		{12DC30E6-0C0E-48C2-87E9-2BEAEE7291A6}.Release|Any CPU.ActiveCfg = Release|Any CPU
		{12DC30E6-0C0E-48C2-87E9-2BEAEE7291A6}.Release|Any CPU.Build.0 = Release|Any CPU
		{12DC30E6-0C0E-48C2-87E9-2BEAEE7291A6}.Release|x64.ActiveCfg = Release|Any CPU
		{12DC30E6-0C0E-48C2-87E9-2BEAEE7291A6}.Release|x64.Build.0 = Release|Any CPU
		{12DC30E6-0C0E-48C2-87E9-2BEAEE7291A6}.Release|x86.ActiveCfg = Release|Any CPU
		{12DC30E6-0C0E-48C2-87E9-2BEAEE7291A6}.Release|x86.Build.0 = Release|Any CPU
		{9D40CA0D-FF51-4089-AF6B-B6ED97B9D927}.Debug|Any CPU.ActiveCfg = Debug|Any CPU
		{9D40CA0D-FF51-4089-AF6B-B6ED97B9D927}.Debug|Any CPU.Build.0 = Debug|Any CPU
		{9D40CA0D-FF51-4089-AF6B-B6ED97B9D927}.Debug|x64.ActiveCfg = Debug|Any CPU
		{9D40CA0D-FF51-4089-AF6B-B6ED97B9D927}.Debug|x64.Build.0 = Debug|Any CPU
		{9D40CA0D-FF51-4089-AF6B-B6ED97B9D927}.Debug|x86.ActiveCfg = Debug|Any CPU
		{9D40CA0D-FF51-4089-AF6B-B6ED97B9D927}.Debug|x86.Build.0 = Debug|Any CPU
		{9D40CA0D-FF51-4089-AF6B-B6ED97B9D927}.Release|Any CPU.ActiveCfg = Release|Any CPU
		{9D40CA0D-FF51-4089-AF6B-B6ED97B9D927}.Release|Any CPU.Build.0 = Release|Any CPU
		{9D40CA0D-FF51-4089-AF6B-B6ED97B9D927}.Release|x64.ActiveCfg = Release|Any CPU
		{9D40CA0D-FF51-4089-AF6B-B6ED97B9D927}.Release|x64.Build.0 = Release|Any CPU
		{9D40CA0D-FF51-4089-AF6B-B6ED97B9D927}.Release|x86.ActiveCfg = Release|Any CPU
		{9D40CA0D-FF51-4089-AF6B-B6ED97B9D927}.Release|x86.Build.0 = Release|Any CPU
	EndGlobalSection
	GlobalSection(SolutionProperties) = preSolution
		HideSolutionNode = FALSE
	EndGlobalSection
	GlobalSection(NestedProjects) = preSolution
		{B27118F8-3605-4003-9856-D5EE2B53245F} = {827E0CD3-B72D-47B6-A68D-7590B98EB39B}
		{12DC30E6-0C0E-48C2-87E9-2BEAEE7291A6} = {827E0CD3-B72D-47B6-A68D-7590B98EB39B}
		{9D40CA0D-FF51-4089-AF6B-B6ED97B9D927} = {0AB3BF05-4346-4AA6-1389-037BE0695223}
	EndGlobalSection
	GlobalSection(ExtensibilityGlobals) = postSolution
		SolutionGuid = {5F83B3EA-9C5C-4026-8668-D546DD54CA35}
	EndGlobalSection
EndGlobal
